
Microsoft Visual Studio Solution File, Format Version 12.00
# Visual Studio Version 16
VisualStudioVersion = 16.0.29503.13
MinimumVisualStudioVersion = 10.0.40219.1
Project("{FAE04EC0-301F-11D3-BF4B-00C04F79EFBC}") = "Projeto-teste", "Projeto-teste.csproj", "{9BE13B2B-DCDB-473A-803C-A1DE0DC74447}"
EndProject
Global
	GlobalSection(SolutionConfigurationPlatforms) = preSolution
		Debug|Any CPU = Debug|Any CPU
		Release|Any CPU = Release|Any CPU
	EndGlobalSection
	GlobalSection(ProjectConfigurationPlatforms) = postSolution
		{9BE13B2B-DCDB-473A-803C-A1DE0DC74447}.Debug|Any CPU.ActiveCfg = Debug|Any CPU
		{9BE13B2B-DCDB-473A-803C-A1DE0DC74447}.Debug|Any CPU.Build.0 = Debug|Any CPU
		{9BE13B2B-DCDB-473A-803C-A1DE0DC74447}.Release|Any CPU.ActiveCfg = Release|Any CPU
		{9BE13B2B-DCDB-473A-803C-A1DE0DC74447}.Release|Any CPU.Build.0 = Release|Any CPU
	EndGlobalSection
	GlobalSection(SolutionProperties) = preSolution
		HideSolutionNode = FALSE
	EndGlobalSection
	GlobalSection(ExtensibilityGlobals) = postSolution
		SolutionGuid = {EF6035A4-0AEC-4A67-8F82-7B4B18614EFA}
	EndGlobalSection
EndGlobal
